
Microsoft Visual Studio Solution File, Format Version 12.00
# Visual Studio Version 16
VisualStudioVersion = 16.0.30225.117
MinimumVisualStudioVersion = 10.0.40219.1
Project("{FAE04EC0-301F-11D3-BF4B-00C04F79EFBC}") = "DemoUserControl", "DemoUserControl\DemoUserControl.csproj", "{F6390E54-9831-4245-892F-5CD39E88BDDE}"
EndProject
Global
	GlobalSection(SolutionConfigurationPlatforms) = preSolution
		Debug|Any CPU = Debug|Any CPU
		Release|Any CPU = Release|Any CPU
	EndGlobalSection
	GlobalSection(ProjectConfigurationPlatforms) = postSolution
		{F6390E54-9831-4245-892F-5CD39E88BDDE}.Debug|Any CPU.ActiveCfg = Debug|Any CPU
		{F6390E54-9831-4245-892F-5CD39E88BDDE}.Debug|Any CPU.Build.0 = Debug|Any CPU
		{F6390E54-9831-4245-892F-5CD39E88BDDE}.Release|Any CPU.ActiveCfg = Release|Any CPU
		{F6390E54-9831-4245-892F-5CD39E88BDDE}.Release|Any CPU.Build.0 = Release|Any CPU
	EndGlobalSection
	GlobalSection(SolutionProperties) = preSolution
		HideSolutionNode = FALSE
	EndGlobalSection
	GlobalSection(ExtensibilityGlobals) = postSolution
		SolutionGuid = {822B1DC4-7DA3-4E63-AC7F-70A65FF9BD6F}
	EndGlobalSection
EndGlobal
